Microsoft Visual Studio Solution File, Format Version 11.00
# Visual Studio 2008

Project("{2B740286-F166-3A08-192D-001EACF9F822}") = "Hoopa_com_socket", "Assembly-CSharp.csproj", "{5589AA12-06C3-FF25-016C-A5703BD850B8}"
EndProject
Project("{2B740286-F166-3A08-192D-001EACF9F822}") = "Hoopa_com_socket", "Assembly-CSharp-Editor.csproj", "{1AC8FFE5-4BE3-0498-2F90-B3BFD5B96E01}"
EndProject
Global
	GlobalSection(SolutionConfigurationPlatforms) = preSolution
		Debug|Any CPU = Debug|Any CPU
		Release|Any CPU = Release|Any CPU
	EndGlobalSection
	GlobalSection(ProjectConfigurationPlatforms) = postSolution
		{5589AA12-06C3-FF25-016C-A5703BD850B8}.Debug|Any CPU.ActiveCfg = Debug|Any CPU
		{5589AA12-06C3-FF25-016C-A5703BD850B8}.Debug|Any CPU.Build.0 = Debug|Any CPU
		{5589AA12-06C3-FF25-016C-A5703BD850B8}.Release|Any CPU.ActiveCfg = Release|Any CPU
		{5589AA12-06C3-FF25-016C-A5703BD850B8}.Release|Any CPU.Build.0 = Release|Any CPU
		{1AC8FFE5-4BE3-0498-2F90-B3BFD5B96E01}.Debug|Any CPU.ActiveCfg = Debug|Any CPU
		{1AC8FFE5-4BE3-0498-2F90-B3BFD5B96E01}.Debug|Any CPU.Build.0 = Debug|Any CPU
		{1AC8FFE5-4BE3-0498-2F90-B3BFD5B96E01}.Release|Any CPU.ActiveCfg = Release|Any CPU
		{1AC8FFE5-4BE3-0498-2F90-B3BFD5B96E01}.Release|Any CPU.Build.0 = Release|Any CPU
	EndGlobalSection
	GlobalSection(SolutionProperties) = preSolution
		HideSolutionNode = FALSE
	EndGlobalSection
	GlobalSection(MonoDevelopProperties) = preSolution
		StartupItem = Assembly-CSharp.csproj
	EndGlobalSection
EndGlobal
