Microsoft Visual Studio Solution File, Format Version 11.00
# Visual Studio 2008

Project("{A2BB765A-A2EE-7C17-0CA0-CFC6C6FECEB0}") = "ServerNode", "Assembly-CSharp.csproj", "{D5F7AEB8-F930-505F-DE2A-F242D63F466C}"
EndProject
Project("{A2BB765A-A2EE-7C17-0CA0-CFC6C6FECEB0}") = "ServerNode", "Assembly-CSharp-Editor.csproj", "{31084FD1-959F-8363-749C-622990D4C763}"
EndProject
Global
	GlobalSection(SolutionConfigurationPlatforms) = preSolution
		Debug|Any CPU = Debug|Any CPU
		Release|Any CPU = Release|Any CPU
	EndGlobalSection
	GlobalSection(ProjectConfigurationPlatforms) = postSolution
		{D5F7AEB8-F930-505F-DE2A-F242D63F466C}.Debug|Any CPU.ActiveCfg = Debug|Any CPU
		{D5F7AEB8-F930-505F-DE2A-F242D63F466C}.Debug|Any CPU.Build.0 = Debug|Any CPU
		{D5F7AEB8-F930-505F-DE2A-F242D63F466C}.Release|Any CPU.ActiveCfg = Release|Any CPU
		{D5F7AEB8-F930-505F-DE2A-F242D63F466C}.Release|Any CPU.Build.0 = Release|Any CPU
		{31084FD1-959F-8363-749C-622990D4C763}.Debug|Any CPU.ActiveCfg = Debug|Any CPU
		{31084FD1-959F-8363-749C-622990D4C763}.Debug|Any CPU.Build.0 = Debug|Any CPU
		{31084FD1-959F-8363-749C-622990D4C763}.Release|Any CPU.ActiveCfg = Release|Any CPU
		{31084FD1-959F-8363-749C-622990D4C763}.Release|Any CPU.Build.0 = Release|Any CPU
	EndGlobalSection
	GlobalSection(SolutionProperties) = preSolution
		HideSolutionNode = FALSE
	EndGlobalSection
	GlobalSection(MonoDevelopProperties) = preSolution
		StartupItem = Assembly-CSharp.csproj
	EndGlobalSection
EndGlobal
